// !$*UTF8*$!
{
	archiveVersion = 1;
	classes = {
	};
	objectVersion = 50;
	objects = {

/* Begin PBXBuildFile section */
		84C028D8255964BD00B04BF1 /* Images.swift in Sources */ = {isa = PBXBuildFile; fileRef = 84C028D7255964BD00B04BF1 /* Images.swift */; };
		84C028E02559831A00B04BF1 /* RoundShadowImageView.swift in Sources */ = {isa = PBXBuildFile; fileRef = 84C028DF2559831A00B04BF1 /* RoundShadowImageView.swift */; };
		B32F6A5E2556BA3200C11135 /* AppDelegate.swift in Sources */ = {isa = PBXBuildFile; fileRef = B32F6A5D2556BA3200C11135 /* AppDelegate.swift */; };
		B32F6A602556BA3200C11135 /* SceneDelegate.swift in Sources */ = {isa = PBXBuildFile; fileRef = B32F6A5F2556BA3200C11135 /* SceneDelegate.swift */; };
		B32F6A652556BA3200C11135 /* Main.storyboard in Resources */ = {isa = PBXBuildFile; fileRef = B32F6A632556BA3200C11135 /* Main.storyboard */; };
		B32F6A672556BA3300C11135 /* Assets.xcassets in Resources */ = {isa = PBXBuildFile; fileRef = B32F6A662556BA3300C11135 /* Assets.xcassets */; };
		B32F6A6A2556BA3300C11135 /* LaunchScreen.storyboard in Resources */ = {isa = PBXBuildFile; fileRef = B32F6A682556BA3300C11135 /* LaunchScreen.storyboard */; };
		B32F6A772556BAFC00C11135 /* MasterViewController.swift in Sources */ = {isa = PBXBuildFile; fileRef = B32F6A762556BAFC00C11135 /* MasterViewController.swift */; };
		B32F6A7A2556BB8300C11135 /* DetailViewController.swift in Sources */ = {isa = PBXBuildFile; fileRef = B32F6A792556BB8300C11135 /* DetailViewController.swift */; };
		B384A1202557D732000F11D2 /* DataModel.swift in Sources */ = {isa = PBXBuildFile; fileRef = B384A11F2557D732000F11D2 /* DataModel.swift */; };
		B384A1232557DB53000F11D2 /* MainSplitViewController.swift in Sources */ = {isa = PBXBuildFile; fileRef = B384A1222557DB53000F11D2 /* MainSplitViewController.swift */; };
		B3A39D1E2557C80C0014603E /* MasterTableViewCell.swift in Sources */ = {isa = PBXBuildFile; fileRef = B3A39D1D2557C80C0014603E /* MasterTableViewCell.swift */; };
/* End PBXBuildFile section */

/* Begin PBXFileReference section */
		84C028D7255964BD00B04BF1 /* Images.swift */ = {isa = PBXFileReference; lastKnownFileType = sourcecode.swift; path = Images.swift; sourceTree = "<group>"; };
		84C028DF2559831A00B04BF1 /* RoundShadowImageView.swift */ = {isa = PBXFileReference; lastKnownFileType = sourcecode.swift; path = RoundShadowImageView.swift; sourceTree = "<group>"; };
		B32F6A5A2556BA3200C11135 /* Lessons4_SplitViewController.app */ = {isa = PBXFileReference; explicitFileType = wrapper.application; includeInIndex = 0; path = Lessons4_SplitViewController.app; sourceTree = BUILT_PRODUCTS_DIR; };
		B32F6A5D2556BA3200C11135 /* AppDelegate.swift */ = {isa = PBXFileReference; lastKnownFileType = sourcecode.swift; path = AppDelegate.swift; sourceTree = "<group>"; };
		B32F6A5F2556BA3200C11135 /* SceneDelegate.swift */ = {isa = PBXFileReference; lastKnownFileType = sourcecode.swift; path = SceneDelegate.swift; sourceTree = "<group>"; };
		B32F6A642556BA3200C11135 /* Base */ = {isa = PBXFileReference; lastKnownFileType = file.storyboard; name = Base; path = Base.lproj/Main.storyboard; sourceTree = "<group>"; };
		B32F6A662556BA3300C11135 /* Assets.xcassets */ = {isa = PBXFileReference; lastKnownFileType = folder.assetcatalog; path = Assets.xcassets; sourceTree = "<group>"; };
		B32F6A692556BA3300C11135 /* Base */ = {isa = PBXFileReference; lastKnownFileType = file.storyboard; name = Base; path = Base.lproj/LaunchScreen.storyboard; sourceTree = "<group>"; };
		B32F6A6B2556BA3300C11135 /* Info.plist */ = {isa = PBXFileReference; lastKnownFileType = text.plist.xml; path = Info.plist; sourceTree = "<group>"; };
		B32F6A762556BAFC00C11135 /* MasterViewController.swift */ = {isa = PBXFileReference; lastKnownFileType = sourcecode.swift; path = MasterViewController.swift; sourceTree = "<group>"; };
		B32F6A792556BB8300C11135 /* DetailViewController.swift */ = {isa = PBXFileReference; lastKnownFileType = sourcecode.swift; path = DetailViewController.swift; sourceTree = "<group>"; };
		B384A11F2557D732000F11D2 /* DataModel.swift */ = {isa = PBXFileReference; lastKnownFileType = sourcecode.swift; path = DataModel.swift; sourceTree = "<group>"; };
		B384A1222557DB53000F11D2 /* MainSplitViewController.swift */ = {isa = PBXFileReference; lastKnownFileType = sourcecode.swift; path = MainSplitViewController.swift; sourceTree = "<group>"; };
		B3A39D1D2557C80C0014603E /* MasterTableViewCell.swift */ = {isa = PBXFileReference; lastKnownFileType = sourcecode.swift; path = MasterTableViewCell.swift; sourceTree = "<group>"; };
/* End PBXFileReference section */

/* Begin PBXFrameworksBuildPhase section */
		B32F6A572556BA3200C11135 /* Frameworks */ = {
			isa = PBXFrameworksBuildPhase;
			buildActionMask = 2147483647;
			files = (
			);
			runOnlyForDeploymentPostprocessing = 0;
		};
/* End PBXFrameworksBuildPhase section */

/* Begin PBXGroup section */
		B32F6A512556BA3200C11135 = {
			isa = PBXGroup;
			children = (
				B32F6A5C2556BA3200C11135 /* Lessons4_SplitViewController */,
				B32F6A5B2556BA3200C11135 /* Products */,
			);
			sourceTree = "<group>";
		};
		B32F6A5B2556BA3200C11135 /* Products */ = {
			isa = PBXGroup;
			children = (
				B32F6A5A2556BA3200C11135 /* Lessons4_SplitViewController.app */,
			);
			name = Products;
			sourceTree = "<group>";
		};
		B32F6A5C2556BA3200C11135 /* Lessons4_SplitViewController */ = {
			isa = PBXGroup;
			children = (
				B3A39D192557C64C0014603E /* Application */,
				B384A11E2557D70E000F11D2 /* Models */,
				B3A39D1A2557C6670014603E /* Views */,
				B3A39D172557C6250014603E /* Controllers */,
				B3A39D1B2557C6960014603E /* Resources */,
			);
			path = Lessons4_SplitViewController;
			sourceTree = "<group>";
		};
		B384A11E2557D70E000F11D2 /* Models */ = {
			isa = PBXGroup;
			children = (
				B384A11F2557D732000F11D2 /* DataModel.swift */,
				84C028D7255964BD00B04BF1 /* Images.swift */,
			);
			path = Models;
			sourceTree = "<group>";
		};
		B3A39D172557C6250014603E /* Controllers */ = {
			isa = PBXGroup;
			children = (
				B32F6A792556BB8300C11135 /* DetailViewController.swift */,
				B3A39D1D2557C80C0014603E /* MasterTableViewCell.swift */,
				B32F6A762556BAFC00C11135 /* MasterViewController.swift */,
				B384A1222557DB53000F11D2 /* MainSplitViewController.swift */,
				84C028DF2559831A00B04BF1 /* RoundShadowImageView.swift */,
			);
			path = Controllers;
			sourceTree = "<group>";
		};
		B3A39D192557C64C0014603E /* Application */ = {
			isa = PBXGroup;
			children = (
				B32F6A5D2556BA3200C11135 /* AppDelegate.swift */,
				B32F6A5F2556BA3200C11135 /* SceneDelegate.swift */,
			);
			path = Application;
			sourceTree = "<group>";
		};
		B3A39D1A2557C6670014603E /* Views */ = {
			isa = PBXGroup;
			children = (
				B32F6A632556BA3200C11135 /* Main.storyboard */,
				B32F6A682556BA3300C11135 /* LaunchScreen.storyboard */,
			);
			path = Views;
			sourceTree = "<group>";
		};
		B3A39D1B2557C6960014603E /* Resources */ = {
			isa = PBXGroup;
			children = (
				B32F6A662556BA3300C11135 /* Assets.xcassets */,
				B32F6A6B2556BA3300C11135 /* Info.plist */,
			);
			path = Resources;
			sourceTree = "<group>";
		};
/* End PBXGroup section */

/* Begin PBXNativeTarget section */
		B32F6A592556BA3200C11135 /* Lessons4_SplitViewController */ = {
			isa = PBXNativeTarget;
			buildConfigurationList = B32F6A6E2556BA3300C11135 /* Build configuration list for PBXNativeTarget "Lessons4_SplitViewController" */;
			buildPhases = (
				B32F6A562556BA3200C11135 /* Sources */,
				B32F6A572556BA3200C11135 /* Frameworks */,
				B32F6A582556BA3200C11135 /* Resources */,
			);
			buildRules = (
			);
			dependencies = (
			);
			name = Lessons4_SplitViewController;
			productName = Lessons4_SplitViewController;
			productReference = B32F6A5A2556BA3200C11135 /* Lessons4_SplitViewController.app */;
			productType = "com.apple.product-type.application";
		};
/* End PBXNativeTarget section */

/* Begin PBXProject section */
		B32F6A522556BA3200C11135 /* Project object */ = {
			isa = PBXProject;
			attributes = {
				LastSwiftUpdateCheck = 1210;
				LastUpgradeCheck = 1210;
				TargetAttributes = {
					B32F6A592556BA3200C11135 = {
						CreatedOnToolsVersion = 12.1;
					};
				};
			};
			buildConfigurationList = B32F6A552556BA3200C11135 /* Build configuration list for PBXProject "Lessons4_SplitViewController" */;
			compatibilityVersion = "Xcode 9.3";
			developmentRegion = en;
			hasScannedForEncodings = 0;
			knownRegions = (
				en,
				Base,
			);
			mainGroup = B32F6A512556BA3200C11135;
			productRefGroup = B32F6A5B2556BA3200C11135 /* Products */;
			projectDirPath = "";
			projectRoot = "";
			targets = (
				B32F6A592556BA3200C11135 /* Lessons4_SplitViewController */,
			);
		};
/* End PBXProject section */

/* Begin PBXResourcesBuildPhase section */
		B32F6A582556BA3200C11135 /* Resources */ = {
			isa = PBXResourcesBuildPhase;
			buildActionMask = 2147483647;
			files = (
				B32F6A6A2556BA3300C11135 /* LaunchScreen.storyboard in Resources */,
				B32F6A672556BA3300C11135 /* Assets.xcassets in Resources */,
				B32F6A652556BA3200C11135 /* Main.storyboard in Resources */,
			);
			runOnlyForDeploymentPostprocessing = 0;
		};
/* End PBXResourcesBuildPhase section */

/* Begin PBXSourcesBuildPhase section */
		B32F6A562556BA3200C11135 /* Sources */ = {
			isa = PBXSourcesBuildPhase;
			buildActionMask = 2147483647;
			files = (
				B3A39D1E2557C80C0014603E /* MasterTableViewCell.swift in Sources */,
				B32F6A772556BAFC00C11135 /* MasterViewController.swift in Sources */,
				B32F6A7A2556BB8300C11135 /* DetailViewController.swift in Sources */,
				84C028E02559831A00B04BF1 /* RoundShadowImageView.swift in Sources */,
				B384A1232557DB53000F11D2 /* MainSplitViewController.swift in Sources */,
				B32F6A5E2556BA3200C11135 /* AppDelegate.swift in Sources */,
				84C028D8255964BD00B04BF1 /* Images.swift in Sources */,
				B384A1202557D732000F11D2 /* DataModel.swift in Sources */,
				B32F6A602556BA3200C11135 /* SceneDelegate.swift in Sources */,
			);
			runOnlyForDeploymentPostprocessing = 0;
		};
/* End PBXSourcesBuildPhase section */

/* Begin PBXVariantGroup section */
		B32F6A632556BA3200C11135 /* Main.storyboard */ = {
			isa = PBXVariantGroup;
			children = (
				B32F6A642556BA3200C11135 /* Base */,
			);
			name = Main.storyboard;
			sourceTree = "<group>";
		};
		B32F6A682556BA3300C11135 /* LaunchScreen.storyboard */ = {
			isa = PBXVariantGroup;
			children = (
				B32F6A692556BA3300C11135 /* Base */,
			);
			name = LaunchScreen.storyboard;
			sourceTree = "<group>";
		};
/* End PBXVariantGroup section */

/* Begin XCBuildConfiguration section */
		B32F6A6C2556BA3300C11135 /* Debug */ = {
			isa = XCBuildConfiguration;
			buildSettings = {
				ALWAYS_SEARCH_USER_PATHS = NO;
				CLANG_ANALYZER_NONNULL = YES;
				CLANG_ANALYZER_NUMBER_OBJECT_CONVERSION = YES_AGGRESSIVE;
				CLANG_CXX_LANGUAGE_STANDARD = "gnu++14";
				CLANG_CXX_LIBRARY = "libc++";
				CLANG_ENABLE_MODULES = YES;
				CLANG_ENABLE_OBJC_ARC = YES;
				CLANG_ENABLE_OBJC_WEAK = YES;
				CLANG_WARN_BLOCK_CAPTURE_AUTORELEASING = YES;
				CLANG_WARN_BOOL_CONVERSION = YES;
				CLANG_WARN_COMMA = YES;
				CLANG_WARN_CONSTANT_CONVERSION = YES;
				CLANG_WARN_DEPRECATED_OBJC_IMPLEMENTATIONS = YES;
				CLANG_WARN_DIRECT_OBJC_ISA_USAGE = YES_ERROR;
				CLANG_WARN_DOCUMENTATION_COMMENTS = YES;
				CLANG_WARN_EMPTY_BODY = YES;
				CLANG_WARN_ENUM_CONVERSION = YES;
				CLANG_WARN_INFINITE_RECURSION = YES;
				CLANG_WARN_INT_CONVERSION = YES;
				CLANG_WARN_NON_LITERAL_NULL_CONVERSION = YES;
				CLANG_WARN_OBJC_IMPLICIT_RETAIN_SELF = YES;
				CLANG_WARN_OBJC_LITERAL_CONVERSION = YES;
				CLANG_WARN_OBJC_ROOT_CLASS = YES_ERROR;
				CLANG_WARN_QUOTED_INCLUDE_IN_FRAMEWORK_HEADER = YES;
				CLANG_WARN_RANGE_LOOP_ANALYSIS = YES;
				CLANG_WARN_STRICT_PROTOTYPES = YES;
				CLANG_WARN_SUSPICIOUS_MOVE = YES;
				CLANG_WARN_UNGUARDED_AVAILABILITY = YES_AGGRESSIVE;
				CLANG_WARN_UNREACHABLE_CODE = YES;
				CLANG_WARN__DUPLICATE_METHOD_MATCH = YES;
				COPY_PHASE_STRIP = NO;
				DEBUG_INFORMATION_FORMAT = dwarf;
				ENABLE_STRICT_OBJC_MSGSEND = YES;
				ENABLE_TESTABILITY = YES;
				GCC_C_LANGUAGE_STANDARD = gnu11;
				GCC_DYNAMIC_NO_PIC = NO;
				GCC_NO_COMMON_BLOCKS = YES;
				GCC_OPTIMIZATION_LEVEL = 0;
				GCC_PREPROCESSOR_DEFINITIONS = (
					"DEBUG=1",
					"$(inherited)",
				);
				GCC_WARN_64_TO_32_BIT_CONVERSION = YES;
				GCC_WARN_ABOUT_RETURN_TYPE = YES_ERROR;
				GCC_WARN_UNDECLARED_SELECTOR = YES;
				GCC_WARN_UNINITIALIZED_AUTOS = YES_AGGRESSIVE;
				GCC_WARN_UNUSED_FUNCTION = YES;
				GCC_WARN_UNUSED_VARIABLE = YES;
				IPHONEOS_DEPLOYMENT_TARGET = 14.1;
				MTL_ENABLE_DEBUG_INFO = INCLUDE_SOURCE;
				MTL_FAST_MATH = YES;
				ONLY_ACTIVE_ARCH = YES;
				SDKROOT = iphoneos;
				SWIFT_ACTIVE_COMPILATION_CONDITIONS = DEBUG;
				SWIFT_OPTIMIZATION_LEVEL = "-Onone";
			};
			name = Debug;
		};
		B32F6A6D2556BA3300C11135 /* Release */ = {
			isa = XCBuildConfiguration;
			buildSettings = {
				ALWAYS_SEARCH_USER_PATHS = NO;
				CLANG_ANALYZER_NONNULL = YES;
				CLANG_ANALYZER_NUMBER_OBJECT_CONVERSION = YES_AGGRESSIVE;
				CLANG_CXX_LANGUAGE_STANDARD = "gnu++14";
				CLANG_CXX_LIBRARY = "libc++";
				CLANG_ENABLE_MODULES = YES;
				CLANG_ENABLE_OBJC_ARC = YES;
				CLANG_ENABLE_OBJC_WEAK = YES;
				CLANG_WARN_BLOCK_CAPTURE_AUTORELEASING = YES;
				CLANG_WARN_BOOL_CONVERSION = YES;
				CLANG_WARN_COMMA = YES;
				CLANG_WARN_CONSTANT_CONVERSION = YES;
				CLANG_WARN_DEPRECATED_OBJC_IMPLEMENTATIONS = YES;
				CLANG_WARN_DIRECT_OBJC_ISA_USAGE = YES_ERROR;
				CLANG_WARN_DOCUMENTATION_COMMENTS = YES;
				CLANG_WARN_EMPTY_BODY = YES;
				CLANG_WARN_ENUM_CONVERSION = YES;
				CLANG_WARN_INFINITE_RECURSION = YES;
				CLANG_WARN_INT_CONVERSION = YES;
				CLANG_WARN_NON_LITERAL_NULL_CONVERSION = YES;
				CLANG_WARN_OBJC_IMPLICIT_RETAIN_SELF = YES;
				CLANG_WARN_OBJC_LITERAL_CONVERSION = YES;
				CLANG_WARN_OBJC_ROOT_CLASS = YES_ERROR;
				CLANG_WARN_QUOTED_INCLUDE_IN_FRAMEWORK_HEADER = YES;
				CLANG_WARN_RANGE_LOOP_ANALYSIS = YES;
				CLANG_WARN_STRICT_PROTOTYPES = YES;
				CLANG_WARN_SUSPICIOUS_MOVE = YES;
				CLANG_WARN_UNGUARDED_AVAILABILITY = YES_AGGRESSIVE;
				CLANG_WARN_UNREACHABLE_CODE = YES;
				CLANG_WARN__DUPLICATE_METHOD_MATCH = YES;
				COPY_PHASE_STRIP = NO;
				DEBUG_INFORMATION_FORMAT = "dwarf-with-dsym";
				ENABLE_NS_ASSERTIONS = NO;
				ENABLE_STRICT_OBJC_MSGSEND = YES;
				GCC_C_LANGUAGE_STANDARD = gnu11;
				GCC_NO_COMMON_BLOCKS = YES;
				GCC_WARN_64_TO_32_BIT_CONVERSION = YES;
				GCC_WARN_ABOUT_RETURN_TYPE = YES_ERROR;
				GCC_WARN_UNDECLARED_SELECTOR = YES;
				GCC_WARN_UNINITIALIZED_AUTOS = YES_AGGRESSIVE;
				GCC_WARN_UNUSED_FUNCTION = YES;
				GCC_WARN_UNUSED_VARIABLE = YES;
				IPHONEOS_DEPLOYMENT_TARGET = 14.1;
				MTL_ENABLE_DEBUG_INFO = NO;
				MTL_FAST_MATH = YES;
				SDKROOT = iphoneos;
				SWIFT_COMPILATION_MODE = wholemodule;
				SWIFT_OPTIMIZATION_LEVEL = "-O";
				VALIDATE_PRODUCT = YES;
			};
			name = Release;
		};
		B32F6A6F2556BA3300C11135 /* Debug */ = {
			isa = XCBuildConfiguration;
			buildSettings = {
				ASSETCATALOG_COMPILER_APPICON_NAME = AppIcon;
				ASSETCATALOG_COMPILER_GLOBAL_ACCENT_COLOR_NAME = AccentColor;
				CODE_SIGN_STYLE = Automatic;
				INFOPLIST_FILE = Lessons4_SplitViewController/Resources/Info.plist;
				LD_RUNPATH_SEARCH_PATHS = (
					"$(inherited)",
					"@executable_path/Frameworks",
				);
				PRODUCT_BUNDLE_IDENTIFIER = "Home.Lessons4-SplitViewController";
				PRODUCT_NAME = "$(TARGET_NAME)";
				SWIFT_VERSION = 5.0;
				TARGETED_DEVICE_FAMILY = "1,2";
			};
			name = Debug;
		};
		B32F6A702556BA3300C11135 /* Release */ = {
			isa = XCBuildConfiguration;
			buildSettings = {
				ASSETCATALOG_COMPILER_APPICON_NAME = AppIcon;
				ASSETCATALOG_COMPILER_GLOBAL_ACCENT_COLOR_NAME = AccentColor;
				CODE_SIGN_STYLE = Automatic;
				INFOPLIST_FILE = Lessons4_SplitViewController/Resources/Info.plist;
				LD_RUNPATH_SEARCH_PATHS = (
					"$(inherited)",
					"@executable_path/Frameworks",
				);
				PRODUCT_BUNDLE_IDENTIFIER = "Home.Lessons4-SplitViewController";
				PRODUCT_NAME = "$(TARGET_NAME)";
				SWIFT_VERSION = 5.0;
				TARGETED_DEVICE_FAMILY = "1,2";
			};
			name = Release;
		};
/* End XCBuildConfiguration section */

/* Begin XCConfigurationList section */
		B32F6A552556BA3200C11135 /* Build configuration list for PBXProject "Lessons4_SplitViewController" */ = {
			isa = XCConfigurationList;
			buildConfigurations = (
				B32F6A6C2556BA3300C11135 /* Debug */,
				B32F6A6D2556BA3300C11135 /* Release */,
			);
			defaultConfigurationIsVisible = 0;
			defaultConfigurationName = Release;
		};
		B32F6A6E2556BA3300C11135 /* Build configuration list for PBXNativeTarget "Lessons4_SplitViewController" */ = {
			isa = XCConfigurationList;
			buildConfigurations = (
				B32F6A6F2556BA3300C11135 /* Debug */,
				B32F6A702556BA3300C11135 /* Release */,
			);
			defaultConfigurationIsVisible = 0;
			defaultConfigurationName = Release;
		};
/* End XCConfigurationList section */
	};
	rootObject = B32F6A522556BA3200C11135 /* Project object */;
}
