// !$*UTF8*$!
{
	archiveVersion = 1;
	classes = {
	};
	objectVersion = 50;
	objects = {

/* Begin PBXBuildFile section */
		472440B9256A778D00A2508A /* EventsUILabel.swift in Sources */ = {isa = PBXBuildFile; fileRef = 472440B8256A778D00A2508A /* EventsUILabel.swift */; };
		47314B24256A66E30061A55D /* EventsViewController.swift in Sources */ = {isa = PBXBuildFile; fileRef = 47314B23256A66E30061A55D /* EventsViewController.swift */; };
		47314B27256A67AD0061A55D /* EventsView.swift in Sources */ = {isa = PBXBuildFile; fileRef = 47314B26256A67AD0061A55D /* EventsView.swift */; };
		474931E525692C6E008FBE5C /* UIConstructor.swift in Sources */ = {isa = PBXBuildFile; fileRef = 474931E425692C6E008FBE5C /* UIConstructor.swift */; };
		474931EE2569450E008FBE5C /* Images.swift in Sources */ = {isa = PBXBuildFile; fileRef = 474931ED2569450E008FBE5C /* Images.swift */; };
		4787252F2569282900B51F71 /* BaseView.swift in Sources */ = {isa = PBXBuildFile; fileRef = 4787252E2569282900B51F71 /* BaseView.swift */; };
		47C63EB225669C13003AA652 /* AppDelegate.swift in Sources */ = {isa = PBXBuildFile; fileRef = 47C63EB125669C13003AA652 /* AppDelegate.swift */; };
		47C63EB425669C13003AA652 /* SceneDelegate.swift in Sources */ = {isa = PBXBuildFile; fileRef = 47C63EB325669C13003AA652 /* SceneDelegate.swift */; };
		47C63EB625669C13003AA652 /* FirstViewController.swift in Sources */ = {isa = PBXBuildFile; fileRef = 47C63EB525669C13003AA652 /* FirstViewController.swift */; };
		47C63EBB25669C15003AA652 /* Assets.xcassets in Resources */ = {isa = PBXBuildFile; fileRef = 47C63EBA25669C15003AA652 /* Assets.xcassets */; };
		47C63EBE25669C15003AA652 /* LaunchScreen.storyboard in Resources */ = {isa = PBXBuildFile; fileRef = 47C63EBC25669C15003AA652 /* LaunchScreen.storyboard */; };
		47C63EC925669C63003AA652 /* Builder.swift in Sources */ = {isa = PBXBuildFile; fileRef = 47C63EC825669C63003AA652 /* Builder.swift */; };
		47CC810F256BE14200FBA718 /* UIElements.swift in Sources */ = {isa = PBXBuildFile; fileRef = 47CC810E256BE14200FBA718 /* UIElements.swift */; };
		47FDAC01256A7C8D00F316AE /* EventsNotifier.swift in Sources */ = {isa = PBXBuildFile; fileRef = 47FDAC00256A7C8D00F316AE /* EventsNotifier.swift */; };
/* End PBXBuildFile section */

/* Begin PBXFileReference section */
		472440B8256A778D00A2508A /* EventsUILabel.swift */ = {isa = PBXFileReference; lastKnownFileType = sourcecode.swift; path = EventsUILabel.swift; sourceTree = "<group>"; };
		47314B23256A66E30061A55D /* EventsViewController.swift */ = {isa = PBXFileReference; lastKnownFileType = sourcecode.swift; path = EventsViewController.swift; sourceTree = "<group>"; };
		47314B26256A67AD0061A55D /* EventsView.swift */ = {isa = PBXFileReference; lastKnownFileType = sourcecode.swift; path = EventsView.swift; sourceTree = "<group>"; };
		474931E425692C6E008FBE5C /* UIConstructor.swift */ = {isa = PBXFileReference; lastKnownFileType = sourcecode.swift; path = UIConstructor.swift; sourceTree = "<group>"; };
		474931ED2569450E008FBE5C /* Images.swift */ = {isa = PBXFileReference; lastKnownFileType = sourcecode.swift; path = Images.swift; sourceTree = "<group>"; };
		4787252E2569282900B51F71 /* BaseView.swift */ = {isa = PBXFileReference; lastKnownFileType = sourcecode.swift; path = BaseView.swift; sourceTree = "<group>"; };
		47C63EAE25669C13003AA652 /* Lessons6_DesignPattern.app */ = {isa = PBXFileReference; explicitFileType = wrapper.application; includeInIndex = 0; path = Lessons6_DesignPattern.app; sourceTree = BUILT_PRODUCTS_DIR; };
		47C63EB125669C13003AA652 /* AppDelegate.swift */ = {isa = PBXFileReference; lastKnownFileType = sourcecode.swift; path = AppDelegate.swift; sourceTree = "<group>"; };
		47C63EB325669C13003AA652 /* SceneDelegate.swift */ = {isa = PBXFileReference; lastKnownFileType = sourcecode.swift; path = SceneDelegate.swift; sourceTree = "<group>"; };
		47C63EB525669C13003AA652 /* FirstViewController.swift */ = {isa = PBXFileReference; lastKnownFileType = sourcecode.swift; path = FirstViewController.swift; sourceTree = "<group>"; };
		47C63EBA25669C15003AA652 /* Assets.xcassets */ = {isa = PBXFileReference; lastKnownFileType = folder.assetcatalog; path = Assets.xcassets; sourceTree = "<group>"; };
		47C63EBD25669C15003AA652 /* Base */ = {isa = PBXFileReference; lastKnownFileType = file.storyboard; name = Base; path = Base.lproj/LaunchScreen.storyboard; sourceTree = "<group>"; };
		47C63EBF25669C15003AA652 /* Info.plist */ = {isa = PBXFileReference; lastKnownFileType = text.plist.xml; path = Info.plist; sourceTree = "<group>"; };
		47C63EC825669C63003AA652 /* Builder.swift */ = {isa = PBXFileReference; lastKnownFileType = sourcecode.swift; path = Builder.swift; sourceTree = "<group>"; };
		47CC810E256BE14200FBA718 /* UIElements.swift */ = {isa = PBXFileReference; lastKnownFileType = sourcecode.swift; path = UIElements.swift; sourceTree = "<group>"; };
		47FDAC00256A7C8D00F316AE /* EventsNotifier.swift */ = {isa = PBXFileReference; lastKnownFileType = sourcecode.swift; path = EventsNotifier.swift; sourceTree = "<group>"; };
/* End PBXFileReference section */

/* Begin PBXFrameworksBuildPhase section */
		47C63EAB25669C13003AA652 /* Frameworks */ = {
			isa = PBXFrameworksBuildPhase;
			buildActionMask = 2147483647;
			files = (
			);
			runOnlyForDeploymentPostprocessing = 0;
		};
/* End PBXFrameworksBuildPhase section */

/* Begin PBXGroup section */
		472440BB256A78EC00A2508A /* UIComponents */ = {
			isa = PBXGroup;
			children = (
				472440B8256A778D00A2508A /* EventsUILabel.swift */,
			);
			path = UIComponents;
			sourceTree = "<group>";
		};
		474931E8256931AC008FBE5C /* Application */ = {
			isa = PBXGroup;
			children = (
				47C63EB125669C13003AA652 /* AppDelegate.swift */,
				47C63EB325669C13003AA652 /* SceneDelegate.swift */,
			);
			path = Application;
			sourceTree = "<group>";
		};
		474931E9256931B5008FBE5C /* Resources */ = {
			isa = PBXGroup;
			children = (
				47C63EBA25669C15003AA652 /* Assets.xcassets */,
				47C63EBF25669C15003AA652 /* Info.plist */,
			);
			path = Resources;
			sourceTree = "<group>";
		};
		474931EC25694502008FBE5C /* Models */ = {
			isa = PBXGroup;
			children = (
				474931ED2569450E008FBE5C /* Images.swift */,
				47CC810E256BE14200FBA718 /* UIElements.swift */,
			);
			path = Models;
			sourceTree = "<group>";
		};
		4787252D2569277100B51F71 /* Views */ = {
			isa = PBXGroup;
			children = (
				4787252E2569282900B51F71 /* BaseView.swift */,
				47314B26256A67AD0061A55D /* EventsView.swift */,
				47C63EBC25669C15003AA652 /* LaunchScreen.storyboard */,
			);
			path = Views;
			sourceTree = "<group>";
		};
		478725322569283900B51F71 /* Controllers */ = {
			isa = PBXGroup;
			children = (
				47C63EB525669C13003AA652 /* FirstViewController.swift */,
				47314B23256A66E30061A55D /* EventsViewController.swift */,
				47FDAC00256A7C8D00F316AE /* EventsNotifier.swift */,
			);
			path = Controllers;
			sourceTree = "<group>";
		};
		4787253425692A1500B51F71 /* Builder */ = {
			isa = PBXGroup;
			children = (
				47C63EC825669C63003AA652 /* Builder.swift */,
				474931E425692C6E008FBE5C /* UIConstructor.swift */,
			);
			path = Builder;
			sourceTree = "<group>";
		};
		47C63EA525669C13003AA652 = {
			isa = PBXGroup;
			children = (
				47C63EB025669C13003AA652 /* Lessons6_DesignPattern */,
				47C63EAF25669C13003AA652 /* Products */,
			);
			sourceTree = "<group>";
		};
		47C63EAF25669C13003AA652 /* Products */ = {
			isa = PBXGroup;
			children = (
				47C63EAE25669C13003AA652 /* Lessons6_DesignPattern.app */,
			);
			name = Products;
			sourceTree = "<group>";
		};
		47C63EB025669C13003AA652 /* Lessons6_DesignPattern */ = {
			isa = PBXGroup;
			children = (
				474931EC25694502008FBE5C /* Models */,
				474931E9256931B5008FBE5C /* Resources */,
				474931E8256931AC008FBE5C /* Application */,
				4787253425692A1500B51F71 /* Builder */,
				478725322569283900B51F71 /* Controllers */,
				4787252D2569277100B51F71 /* Views */,
				472440BB256A78EC00A2508A /* UIComponents */,
			);
			path = Lessons6_DesignPattern;
			sourceTree = "<group>";
		};
/* End PBXGroup section */

/* Begin PBXNativeTarget section */
		47C63EAD25669C13003AA652 /* Lessons6_DesignPattern */ = {
			isa = PBXNativeTarget;
			buildConfigurationList = 47C63EC225669C15003AA652 /* Build configuration list for PBXNativeTarget "Lessons6_DesignPattern" */;
			buildPhases = (
				47C63EAA25669C13003AA652 /* Sources */,
				47C63EAB25669C13003AA652 /* Frameworks */,
				47C63EAC25669C13003AA652 /* Resources */,
			);
			buildRules = (
			);
			dependencies = (
			);
			name = Lessons6_DesignPattern;
			productName = Lessons6_DesignPattern;
			productReference = 47C63EAE25669C13003AA652 /* Lessons6_DesignPattern.app */;
			productType = "com.apple.product-type.application";
		};
/* End PBXNativeTarget section */

/* Begin PBXProject section */
		47C63EA625669C13003AA652 /* Project object */ = {
			isa = PBXProject;
			attributes = {
				LastSwiftUpdateCheck = 1220;
				LastUpgradeCheck = 1220;
				TargetAttributes = {
					47C63EAD25669C13003AA652 = {
						CreatedOnToolsVersion = 12.2;
					};
				};
			};
			buildConfigurationList = 47C63EA925669C13003AA652 /* Build configuration list for PBXProject "Lessons6_DesignPattern" */;
			compatibilityVersion = "Xcode 9.3";
			developmentRegion = en;
			hasScannedForEncodings = 0;
			knownRegions = (
				en,
				Base,
			);
			mainGroup = 47C63EA525669C13003AA652;
			productRefGroup = 47C63EAF25669C13003AA652 /* Products */;
			projectDirPath = "";
			projectRoot = "";
			targets = (
				47C63EAD25669C13003AA652 /* Lessons6_DesignPattern */,
			);
		};
/* End PBXProject section */

/* Begin PBXResourcesBuildPhase section */
		47C63EAC25669C13003AA652 /* Resources */ = {
			isa = PBXResourcesBuildPhase;
			buildActionMask = 2147483647;
			files = (
				47C63EBE25669C15003AA652 /* LaunchScreen.storyboard in Resources */,
				47C63EBB25669C15003AA652 /* Assets.xcassets in Resources */,
			);
			runOnlyForDeploymentPostprocessing = 0;
		};
/* End PBXResourcesBuildPhase section */

/* Begin PBXSourcesBuildPhase section */
		47C63EAA25669C13003AA652 /* Sources */ = {
			isa = PBXSourcesBuildPhase;
			buildActionMask = 2147483647;
			files = (
				472440B9256A778D00A2508A /* EventsUILabel.swift in Sources */,
				47314B24256A66E30061A55D /* EventsViewController.swift in Sources */,
				474931EE2569450E008FBE5C /* Images.swift in Sources */,
				47FDAC01256A7C8D00F316AE /* EventsNotifier.swift in Sources */,
				47C63EB625669C13003AA652 /* FirstViewController.swift in Sources */,
				47314B27256A67AD0061A55D /* EventsView.swift in Sources */,
				47C63EB225669C13003AA652 /* AppDelegate.swift in Sources */,
				4787252F2569282900B51F71 /* BaseView.swift in Sources */,
				47C63EB425669C13003AA652 /* SceneDelegate.swift in Sources */,
				474931E525692C6E008FBE5C /* UIConstructor.swift in Sources */,
				47CC810F256BE14200FBA718 /* UIElements.swift in Sources */,
				47C63EC925669C63003AA652 /* Builder.swift in Sources */,
			);
			runOnlyForDeploymentPostprocessing = 0;
		};
/* End PBXSourcesBuildPhase section */

/* Begin PBXVariantGroup section */
		47C63EBC25669C15003AA652 /* LaunchScreen.storyboard */ = {
			isa = PBXVariantGroup;
			children = (
				47C63EBD25669C15003AA652 /* Base */,
			);
			name = LaunchScreen.storyboard;
			sourceTree = "<group>";
		};
/* End PBXVariantGroup section */

/* Begin XCBuildConfiguration section */
		47C63EC025669C15003AA652 /* Debug */ = {
			isa = XCBuildConfiguration;
			buildSettings = {
				ALWAYS_SEARCH_USER_PATHS = NO;
				CLANG_ANALYZER_NONNULL = YES;
				CLANG_ANALYZER_NUMBER_OBJECT_CONVERSION = YES_AGGRESSIVE;
				CLANG_CXX_LANGUAGE_STANDARD = "gnu++14";
				CLANG_CXX_LIBRARY = "libc++";
				CLANG_ENABLE_MODULES = YES;
				CLANG_ENABLE_OBJC_ARC = YES;
				CLANG_ENABLE_OBJC_WEAK = YES;
				CLANG_WARN_BLOCK_CAPTURE_AUTORELEASING = YES;
				CLANG_WARN_BOOL_CONVERSION = YES;
				CLANG_WARN_COMMA = YES;
				CLANG_WARN_CONSTANT_CONVERSION = YES;
				CLANG_WARN_DEPRECATED_OBJC_IMPLEMENTATIONS = YES;
				CLANG_WARN_DIRECT_OBJC_ISA_USAGE = YES_ERROR;
				CLANG_WARN_DOCUMENTATION_COMMENTS = YES;
				CLANG_WARN_EMPTY_BODY = YES;
				CLANG_WARN_ENUM_CONVERSION = YES;
				CLANG_WARN_INFINITE_RECURSION = YES;
				CLANG_WARN_INT_CONVERSION = YES;
				CLANG_WARN_NON_LITERAL_NULL_CONVERSION = YES;
				CLANG_WARN_OBJC_IMPLICIT_RETAIN_SELF = YES;
				CLANG_WARN_OBJC_LITERAL_CONVERSION = YES;
				CLANG_WARN_OBJC_ROOT_CLASS = YES_ERROR;
				CLANG_WARN_QUOTED_INCLUDE_IN_FRAMEWORK_HEADER = YES;
				CLANG_WARN_RANGE_LOOP_ANALYSIS = YES;
				CLANG_WARN_STRICT_PROTOTYPES = YES;
				CLANG_WARN_SUSPICIOUS_MOVE = YES;
				CLANG_WARN_UNGUARDED_AVAILABILITY = YES_AGGRESSIVE;
				CLANG_WARN_UNREACHABLE_CODE = YES;
				CLANG_WARN__DUPLICATE_METHOD_MATCH = YES;
				COPY_PHASE_STRIP = NO;
				DEBUG_INFORMATION_FORMAT = dwarf;
				ENABLE_STRICT_OBJC_MSGSEND = YES;
				ENABLE_TESTABILITY = YES;
				GCC_C_LANGUAGE_STANDARD = gnu11;
				GCC_DYNAMIC_NO_PIC = NO;
				GCC_NO_COMMON_BLOCKS = YES;
				GCC_OPTIMIZATION_LEVEL = 0;
				GCC_PREPROCESSOR_DEFINITIONS = (
					"DEBUG=1",
					"$(inherited)",
				);
				GCC_WARN_64_TO_32_BIT_CONVERSION = YES;
				GCC_WARN_ABOUT_RETURN_TYPE = YES_ERROR;
				GCC_WARN_UNDECLARED_SELECTOR = YES;
				GCC_WARN_UNINITIALIZED_AUTOS = YES_AGGRESSIVE;
				GCC_WARN_UNUSED_FUNCTION = YES;
				GCC_WARN_UNUSED_VARIABLE = YES;
				IPHONEOS_DEPLOYMENT_TARGET = 14.2;
				MTL_ENABLE_DEBUG_INFO = INCLUDE_SOURCE;
				MTL_FAST_MATH = YES;
				ONLY_ACTIVE_ARCH = YES;
				SDKROOT = iphoneos;
				SWIFT_ACTIVE_COMPILATION_CONDITIONS = DEBUG;
				SWIFT_OPTIMIZATION_LEVEL = "-Onone";
			};
			name = Debug;
		};
		47C63EC125669C15003AA652 /* Release */ = {
			isa = XCBuildConfiguration;
			buildSettings = {
				ALWAYS_SEARCH_USER_PATHS = NO;
				CLANG_ANALYZER_NONNULL = YES;
				CLANG_ANALYZER_NUMBER_OBJECT_CONVERSION = YES_AGGRESSIVE;
				CLANG_CXX_LANGUAGE_STANDARD = "gnu++14";
				CLANG_CXX_LIBRARY = "libc++";
				CLANG_ENABLE_MODULES = YES;
				CLANG_ENABLE_OBJC_ARC = YES;
				CLANG_ENABLE_OBJC_WEAK = YES;
				CLANG_WARN_BLOCK_CAPTURE_AUTORELEASING = YES;
				CLANG_WARN_BOOL_CONVERSION = YES;
				CLANG_WARN_COMMA = YES;
				CLANG_WARN_CONSTANT_CONVERSION = YES;
				CLANG_WARN_DEPRECATED_OBJC_IMPLEMENTATIONS = YES;
				CLANG_WARN_DIRECT_OBJC_ISA_USAGE = YES_ERROR;
				CLANG_WARN_DOCUMENTATION_COMMENTS = YES;
				CLANG_WARN_EMPTY_BODY = YES;
				CLANG_WARN_ENUM_CONVERSION = YES;
				CLANG_WARN_INFINITE_RECURSION = YES;
				CLANG_WARN_INT_CONVERSION = YES;
				CLANG_WARN_NON_LITERAL_NULL_CONVERSION = YES;
				CLANG_WARN_OBJC_IMPLICIT_RETAIN_SELF = YES;
				CLANG_WARN_OBJC_LITERAL_CONVERSION = YES;
				CLANG_WARN_OBJC_ROOT_CLASS = YES_ERROR;
				CLANG_WARN_QUOTED_INCLUDE_IN_FRAMEWORK_HEADER = YES;
				CLANG_WARN_RANGE_LOOP_ANALYSIS = YES;
				CLANG_WARN_STRICT_PROTOTYPES = YES;
				CLANG_WARN_SUSPICIOUS_MOVE = YES;
				CLANG_WARN_UNGUARDED_AVAILABILITY = YES_AGGRESSIVE;
				CLANG_WARN_UNREACHABLE_CODE = YES;
				CLANG_WARN__DUPLICATE_METHOD_MATCH = YES;
				COPY_PHASE_STRIP = NO;
				DEBUG_INFORMATION_FORMAT = "dwarf-with-dsym";
				ENABLE_NS_ASSERTIONS = NO;
				ENABLE_STRICT_OBJC_MSGSEND = YES;
				GCC_C_LANGUAGE_STANDARD = gnu11;
				GCC_NO_COMMON_BLOCKS = YES;
				GCC_WARN_64_TO_32_BIT_CONVERSION = YES;
				GCC_WARN_ABOUT_RETURN_TYPE = YES_ERROR;
				GCC_WARN_UNDECLARED_SELECTOR = YES;
				GCC_WARN_UNINITIALIZED_AUTOS = YES_AGGRESSIVE;
				GCC_WARN_UNUSED_FUNCTION = YES;
				GCC_WARN_UNUSED_VARIABLE = YES;
				IPHONEOS_DEPLOYMENT_TARGET = 14.2;
				MTL_ENABLE_DEBUG_INFO = NO;
				MTL_FAST_MATH = YES;
				SDKROOT = iphoneos;
				SWIFT_COMPILATION_MODE = wholemodule;
				SWIFT_OPTIMIZATION_LEVEL = "-O";
				VALIDATE_PRODUCT = YES;
			};
			name = Release;
		};
		47C63EC325669C15003AA652 /* Debug */ = {
			isa = XCBuildConfiguration;
			buildSettings = {
				ASSETCATALOG_COMPILER_APPICON_NAME = AppIcon;
				ASSETCATALOG_COMPILER_GLOBAL_ACCENT_COLOR_NAME = AccentColor;
				CODE_SIGN_STYLE = Automatic;
				INFOPLIST_FILE = Lessons6_DesignPattern/Resources/Info.plist;
				LD_RUNPATH_SEARCH_PATHS = (
					"$(inherited)",
					"@executable_path/Frameworks",
				);
				PRODUCT_BUNDLE_IDENTIFIER = "Home.Lessons6-DesignPattern";
				PRODUCT_NAME = "$(TARGET_NAME)";
				SWIFT_VERSION = 5.0;
				TARGETED_DEVICE_FAMILY = "1,2";
			};
			name = Debug;
		};
		47C63EC425669C15003AA652 /* Release */ = {
			isa = XCBuildConfiguration;
			buildSettings = {
				ASSETCATALOG_COMPILER_APPICON_NAME = AppIcon;
				ASSETCATALOG_COMPILER_GLOBAL_ACCENT_COLOR_NAME = AccentColor;
				CODE_SIGN_STYLE = Automatic;
				INFOPLIST_FILE = Lessons6_DesignPattern/Resources/Info.plist;
				LD_RUNPATH_SEARCH_PATHS = (
					"$(inherited)",
					"@executable_path/Frameworks",
				);
				PRODUCT_BUNDLE_IDENTIFIER = "Home.Lessons6-DesignPattern";
				PRODUCT_NAME = "$(TARGET_NAME)";
				SWIFT_VERSION = 5.0;
				TARGETED_DEVICE_FAMILY = "1,2";
			};
			name = Release;
		};
/* End XCBuildConfiguration section */

/* Begin XCConfigurationList section */
		47C63EA925669C13003AA652 /* Build configuration list for PBXProject "Lessons6_DesignPattern" */ = {
			isa = XCConfigurationList;
			buildConfigurations = (
				47C63EC025669C15003AA652 /* Debug */,
				47C63EC125669C15003AA652 /* Release */,
			);
			defaultConfigurationIsVisible = 0;
			defaultConfigurationName = Release;
		};
		47C63EC225669C15003AA652 /* Build configuration list for PBXNativeTarget "Lessons6_DesignPattern" */ = {
			isa = XCConfigurationList;
			buildConfigurations = (
				47C63EC325669C15003AA652 /* Debug */,
				47C63EC425669C15003AA652 /* Release */,
			);
			defaultConfigurationIsVisible = 0;
			defaultConfigurationName = Release;
		};
/* End XCConfigurationList section */
	};
	rootObject = 47C63EA625669C13003AA652 /* Project object */;
}
